
Microsoft Visual Studio Solution File, Format Version 12.00
# Visual Studio Version 17
VisualStudioVersion = 17.2.32630.192
MinimumVisualStudioVersion = 10.0.40219.1
Project("{FAE04EC0-301F-11D3-BF4B-00C04F79EFBC}") = "WebApiDemo", "WebApiDemo\WebApiDemo.csproj", "{099F2019-85A9-4761-B9FC-E9F0B20FB2D0}"
EndProject
Global
	GlobalSection(SolutionConfigurationPlatforms) = preSolution
		Debug|Any CPU = Debug|Any CPU
		Release|Any CPU = Release|Any CPU
	EndGlobalSection
	GlobalSection(ProjectConfigurationPlatforms) = postSolution
		{099F2019-85A9-4761-B9FC-E9F0B20FB2D0}.Debug|Any CPU.ActiveCfg = Debug|Any CPU
		{099F2019-85A9-4761-B9FC-E9F0B20FB2D0}.Debug|Any CPU.Build.0 = Debug|Any CPU
		{099F2019-85A9-4761-B9FC-E9F0B20FB2D0}.Release|Any CPU.ActiveCfg = Release|Any CPU
		{099F2019-85A9-4761-B9FC-E9F0B20FB2D0}.Release|Any CPU.Build.0 = Release|Any CPU
	EndGlobalSection
	GlobalSection(SolutionProperties) = preSolution
		HideSolutionNode = FALSE
	EndGlobalSection
	GlobalSection(ExtensibilityGlobals) = postSolution
		SolutionGuid = {0574981E-497D-452B-8725-82F1334B2949}
	EndGlobalSection
EndGlobal
